{
  "name": "mj-tool",
  "version": "0.5.0",
  "lockfileVersion": 3,
  "requires": true,
  "packages": {
    "": {
      "name": "mj-tool",
      "version": "0.5.0",
      "license": "ISC",
      "dependencies": {
        "midjourney": "^4.3.11"
      }
    },
    "node_modules/@huggingface/inference": {
      "version": "2.6.1",
      "resolved": "https://registry.npmjs.org/@huggingface/inference/-/inference-2.6.1.tgz",
      "integrity": "sha512-qFYchgOCPeEkZJKiSr7Kz62QwukJtgkeQCT7Q0SSKUcvHpTQVNJp6i/JrJMR4dBdzQysJ1SZDC0pLBBnnskTag==",
      "engines": {
        "node": ">=18"
      }
    },
    "node_modules/async": {
      "version": "3.2.4",
      "resolved": "https://registry.npmjs.org/async/-/async-3.2.4.tgz",
      "integrity": "sha512-iAB+JbDEGXhyIUavoDl9WP/Jj106Kz9DEn1DPgYw5ruDn0e3Wgi3sKFm55sASdGBNOQB8F59d9qQ7deqrHA8wQ=="
    },
    "node_modules/isomorphic-ws": {
      "version": "5.0.0",
      "resolved": "https://registry.npmjs.org/isomorphic-ws/-/isomorphic-ws-5.0.0.tgz",
      "integrity": "sha512-muId7Zzn9ywDsyXgTIafTry2sV3nySZeUDe6YedVd1Hvuuep5AsIlqK+XefWpYTyJG5e503F2xIuT2lcU6rCSw==",
      "peerDependencies": {
        "ws": "*"
      }
    },
    "node_modules/midjourney": {
      "version": "4.3.11",
      "resolved": "https://registry.npmjs.org/midjourney/-/midjourney-4.3.11.tgz",
      "integrity": "sha512-a488NLgx0ZTB/VhR2pWpS7Kcqi26jV7KQDGYrjlldxaMVcHdi3DdIbvjQyGTj3MOdF24sG54xTVSjw4wvro3ew==",
      "dependencies": {
        "@huggingface/inference": "^2.5.0",
        "async": "^3.2.4",
        "isomorphic-ws": "^5.0.0",
        "semiver": "^1.1.0",
        "snowyflake": "^2.0.0",
        "tslib": "^2.5.0",
        "ws": "^8.13.0"
      },
      "engines": {
        "node": ">=18"
      }
    },
    "node_modules/semiver": {
      "version": "1.1.0",
      "resolved": "https://registry.npmjs.org/semiver/-/semiver-1.1.0.tgz",
      "integrity": "sha512-QNI2ChmuioGC1/xjyYwyZYADILWyW6AmS1UH6gDj/SFUUUS4MBAWs/7mxnkRPc/F4iHezDP+O8t0dO8WHiEOdg==",
      "engines": {
        "node": ">=6"
      }
    },
    "node_modules/snowyflake": {
      "version": "2.0.0",
      "resolved": "https://registry.npmjs.org/snowyflake/-/snowyflake-2.0.0.tgz",
      "integrity": "sha512-BxeqV0KJxJASu6EBJGUkX194Zhh37AEa0ow/JRK39icWbLTG9Wl/7LAL6a/ZMSjNm4O9pZk6QoLcWP7f/YKmtA==",
      "engines": {
        "node": ">=16.0.0"
      }
    },
    "node_modules/tslib": {
      "version": "2.6.1",
      "resolved": "https://registry.npmjs.org/tslib/-/tslib-2.6.1.tgz",
      "integrity": "sha512-t0hLfiEKfMUoqhG+U1oid7Pva4bbDPHYfJNiB7BiIjRkj1pyC++4N3huJfqY6aRH6VTB0rvtzQwjM4K6qpfOig=="
    },
    "node_modules/ws": {
      "version": "8.13.0",
      "resolved": "https://registry.npmjs.org/ws/-/ws-8.13.0.tgz",
      "integrity": "sha512-x9vcZYTrFPC7aSIbj7sRCYo7L/Xb8Iy+pW0ng0wt2vCJv7M9HOMy0UoN3rr+IFC7hb7vXoqS+P9ktyLLLhO+LA==",
      "engines": {
        "node": ">=10.0.0"
      },
      "peerDependencies": {
        "bufferutil": "^4.0.1",
        "utf-8-validate": ">=5.0.2"
      },
      "peerDependenciesMeta": {
        "bufferutil": {
          "optional": true
        },
        "utf-8-validate": {
          "optional": true
        }
      }
    }
  }
}
